
Microsoft Visual Studio Solution File, Format Version 12.00
# Visual Studio 15
VisualStudioVersion = 15.0.26228.4
MinimumVisualStudioVersion = 10.0.40219.1
Project("{FAE04EC0-301F-11D3-BF4B-00C04F79EFBC}") = "PushMessages", "PushMessages\PushMessages.csproj", "{0B032C35-3898-494A-BE17-E20E458774CC}"
EndProject
Project("{FAE04EC0-301F-11D3-BF4B-00C04F79EFBC}") = "SearchService", "SearchService\SearchService.csproj", "{EC01D8D1-7BE6-4824-AFB6-0AAF0D9927A9}"
EndProject
Project("{FAE04EC0-301F-11D3-BF4B-00C04F79EFBC}") = "ReactiveSearch", "ReactiveSearch\ReactiveSearch.csproj", "{5EACBA5C-E7D2-4A40-AFB3-CDC4148E0113}"
EndProject
Project("{FAE04EC0-301F-11D3-BF4B-00C04F79EFBC}") = "DemoConsole", "DemoConsole\DemoConsole.csproj", "{BBC15661-C530-4F16-A642-6DF67DD6BFF4}"
EndProject
Project("{FAE04EC0-301F-11D3-BF4B-00C04F79EFBC}") = "HistoricalScheduler", "HistoricalScheduler\HistoricalScheduler.csproj", "{48614369-9E2A-48E8-8207-DE7A7434F0FC}"
EndProject
Project("{2150E333-8FDC-42A3-9474-1A3956D46DE8}") = "Rx", "Rx", "{66B6724D-9D1B-457F-8417-E2EC077B0EE5}"
	ProjectSection(SolutionItems) = preProject
		Rx_Exercise.md = Rx_Exercise.md
	EndProjectSection
EndProject
Project("{2150E333-8FDC-42A3-9474-1A3956D46DE8}") = "TDF", "TDF", "{371CBCA7-D171-44BC-A0BC-D0B82999BC27}"
	ProjectSection(SolutionItems) = preProject
		TDF_Exercise.md = TDF_Exercise.md
	EndProjectSection
EndProject
Project("{FAE04EC0-301F-11D3-BF4B-00C04F79EFBC}") = "TDFSimpleExample", "TDF\TDF\TDFSimpleExample\TDFSimpleExample.csproj", "{32D48A9C-31BA-430F-A5DF-D232470EBCC4}"
EndProject
Project("{FAE04EC0-301F-11D3-BF4B-00C04F79EFBC}") = "TDFWebCrawler", "TDF\TDFWebCrawler\TDFWebCrawler.csproj", "{E371AC6B-9288-4ED1-9E69-AE0BC27D8C93}"
EndProject
Project("{2150E333-8FDC-42A3-9474-1A3956D46DE8}") = "Testing", "Testing", "{4B016A0A-2FA0-465B-B218-7DE95B5DECCE}"
EndProject
Project("{9A19103F-16F7-4668-BE54-9A1E7A4F7556}") = "RxLibrary", "Rx-Testing\RxLibrary\RxLibrary.csproj", "{D3CCC9C5-0ED9-4162-91F5-7D278C15FFBE}"
EndProject
Project("{9A19103F-16F7-4668-BE54-9A1E7A4F7556}") = "RxLibrary.Tests", "Rx-Testing\RxLibrary.Tests\RxLibrary.Tests.csproj", "{575D3E16-CE27-4900-9B29-422F27715CA4}"
EndProject
Project("{9A19103F-16F7-4668-BE54-9A1E7A4F7556}") = "RxStockMonitor", "Rx-Testing\RxStockMonitor\RxStockMonitor.csproj", "{49945739-48C4-41D5-B7F6-CB18061864C5}"
EndProject
Project("{9A19103F-16F7-4668-BE54-9A1E7A4F7556}") = "RxStockMonitor.Tests", "Rx-Testing\RxStockMonitor.Tests\RxStockMonitor.Tests.csproj", "{151F7471-716D-4A5A-A88E-89D2772BEEFE}"
EndProject
Global
	GlobalSection(SolutionConfigurationPlatforms) = preSolution
		Debug|Any CPU = Debug|Any CPU
		Debug|Mixed Platforms = Debug|Mixed Platforms
		Debug|x64 = Debug|x64
		Debug|x86 = Debug|x86
		Release|Any CPU = Release|Any CPU
		Release|Mixed Platforms = Release|Mixed Platforms
		Release|x64 = Release|x64
		Release|x86 = Release|x86
	EndGlobalSection
	GlobalSection(ProjectConfigurationPlatforms) = postSolution
		{0B032C35-3898-494A-BE17-E20E458774CC}.Debug|Any CPU.ActiveCfg = Debug|Any CPU
		{0B032C35-3898-494A-BE17-E20E458774CC}.Debug|Any CPU.Build.0 = Debug|Any CPU
		{0B032C35-3898-494A-BE17-E20E458774CC}.Debug|Mixed Platforms.ActiveCfg = Debug|Any CPU
		{0B032C35-3898-494A-BE17-E20E458774CC}.Debug|Mixed Platforms.Build.0 = Debug|Any CPU
		{0B032C35-3898-494A-BE17-E20E458774CC}.Debug|x64.ActiveCfg = Debug|Any CPU
		{0B032C35-3898-494A-BE17-E20E458774CC}.Debug|x64.Build.0 = Debug|Any CPU
		{0B032C35-3898-494A-BE17-E20E458774CC}.Debug|x86.ActiveCfg = Debug|Any CPU
		{0B032C35-3898-494A-BE17-E20E458774CC}.Debug|x86.Build.0 = Debug|Any CPU
		{0B032C35-3898-494A-BE17-E20E458774CC}.Release|Any CPU.ActiveCfg = Release|Any CPU
		{0B032C35-3898-494A-BE17-E20E458774CC}.Release|Any CPU.Build.0 = Release|Any CPU
		{0B032C35-3898-494A-BE17-E20E458774CC}.Release|Mixed Platforms.ActiveCfg = Release|Any CPU
		{0B032C35-3898-494A-BE17-E20E458774CC}.Release|Mixed Platforms.Build.0 = Release|Any CPU
		{0B032C35-3898-494A-BE17-E20E458774CC}.Release|x64.ActiveCfg = Release|Any CPU
		{0B032C35-3898-494A-BE17-E20E458774CC}.Release|x64.Build.0 = Release|Any CPU
		{0B032C35-3898-494A-BE17-E20E458774CC}.Release|x86.ActiveCfg = Release|Any CPU
		{0B032C35-3898-494A-BE17-E20E458774CC}.Release|x86.Build.0 = Release|Any CPU
		{EC01D8D1-7BE6-4824-AFB6-0AAF0D9927A9}.Debug|Any CPU.ActiveCfg = Debug|Any CPU
		{EC01D8D1-7BE6-4824-AFB6-0AAF0D9927A9}.Debug|Any CPU.Build.0 = Debug|Any CPU
		{EC01D8D1-7BE6-4824-AFB6-0AAF0D9927A9}.Debug|Mixed Platforms.ActiveCfg = Debug|Any CPU
		{EC01D8D1-7BE6-4824-AFB6-0AAF0D9927A9}.Debug|Mixed Platforms.Build.0 = Debug|Any CPU
		{EC01D8D1-7BE6-4824-AFB6-0AAF0D9927A9}.Debug|x64.ActiveCfg = Debug|Any CPU
		{EC01D8D1-7BE6-4824-AFB6-0AAF0D9927A9}.Debug|x64.Build.0 = Debug|Any CPU
		{EC01D8D1-7BE6-4824-AFB6-0AAF0D9927A9}.Debug|x86.ActiveCfg = Debug|Any CPU
		{EC01D8D1-7BE6-4824-AFB6-0AAF0D9927A9}.Debug|x86.Build.0 = Debug|Any CPU
		{EC01D8D1-7BE6-4824-AFB6-0AAF0D9927A9}.Release|Any CPU.ActiveCfg = Release|Any CPU
		{EC01D8D1-7BE6-4824-AFB6-0AAF0D9927A9}.Release|Any CPU.Build.0 = Release|Any CPU
		{EC01D8D1-7BE6-4824-AFB6-0AAF0D9927A9}.Release|Mixed Platforms.ActiveCfg = Release|Any CPU
		{EC01D8D1-7BE6-4824-AFB6-0AAF0D9927A9}.Release|Mixed Platforms.Build.0 = Release|Any CPU
		{EC01D8D1-7BE6-4824-AFB6-0AAF0D9927A9}.Release|x64.ActiveCfg = Release|Any CPU
		{EC01D8D1-7BE6-4824-AFB6-0AAF0D9927A9}.Release|x64.Build.0 = Release|Any CPU
		{EC01D8D1-7BE6-4824-AFB6-0AAF0D9927A9}.Release|x86.ActiveCfg = Release|Any CPU
		{EC01D8D1-7BE6-4824-AFB6-0AAF0D9927A9}.Release|x86.Build.0 = Release|Any CPU
		{5EACBA5C-E7D2-4A40-AFB3-CDC4148E0113}.Debug|Any CPU.ActiveCfg = Debug|Any CPU
		{5EACBA5C-E7D2-4A40-AFB3-CDC4148E0113}.Debug|Any CPU.Build.0 = Debug|Any CPU
		{5EACBA5C-E7D2-4A40-AFB3-CDC4148E0113}.Debug|Mixed Platforms.ActiveCfg = Debug|Any CPU
		{5EACBA5C-E7D2-4A40-AFB3-CDC4148E0113}.Debug|Mixed Platforms.Build.0 = Debug|Any CPU
		{5EACBA5C-E7D2-4A40-AFB3-CDC4148E0113}.Debug|x64.ActiveCfg = Debug|Any CPU
		{5EACBA5C-E7D2-4A40-AFB3-CDC4148E0113}.Debug|x64.Build.0 = Debug|Any CPU
		{5EACBA5C-E7D2-4A40-AFB3-CDC4148E0113}.Debug|x86.ActiveCfg = Debug|Any CPU
		{5EACBA5C-E7D2-4A40-AFB3-CDC4148E0113}.Debug|x86.Build.0 = Debug|Any CPU
		{5EACBA5C-E7D2-4A40-AFB3-CDC4148E0113}.Release|Any CPU.ActiveCfg = Release|Any CPU
		{5EACBA5C-E7D2-4A40-AFB3-CDC4148E0113}.Release|Any CPU.Build.0 = Release|Any CPU
		{5EACBA5C-E7D2-4A40-AFB3-CDC4148E0113}.Release|Mixed Platforms.ActiveCfg = Release|Any CPU
		{5EACBA5C-E7D2-4A40-AFB3-CDC4148E0113}.Release|Mixed Platforms.Build.0 = Release|Any CPU
		{5EACBA5C-E7D2-4A40-AFB3-CDC4148E0113}.Release|x64.ActiveCfg = Release|Any CPU
		{5EACBA5C-E7D2-4A40-AFB3-CDC4148E0113}.Release|x64.Build.0 = Release|Any CPU
		{5EACBA5C-E7D2-4A40-AFB3-CDC4148E0113}.Release|x86.ActiveCfg = Release|Any CPU
		{5EACBA5C-E7D2-4A40-AFB3-CDC4148E0113}.Release|x86.Build.0 = Release|Any CPU
		{BBC15661-C530-4F16-A642-6DF67DD6BFF4}.Debug|Any CPU.ActiveCfg = Debug|Any CPU
		{BBC15661-C530-4F16-A642-6DF67DD6BFF4}.Debug|Any CPU.Build.0 = Debug|Any CPU
		{BBC15661-C530-4F16-A642-6DF67DD6BFF4}.Debug|Mixed Platforms.ActiveCfg = Debug|Any CPU
		{BBC15661-C530-4F16-A642-6DF67DD6BFF4}.Debug|Mixed Platforms.Build.0 = Debug|Any CPU
		{BBC15661-C530-4F16-A642-6DF67DD6BFF4}.Debug|x64.ActiveCfg = Debug|Any CPU
		{BBC15661-C530-4F16-A642-6DF67DD6BFF4}.Debug|x64.Build.0 = Debug|Any CPU
		{BBC15661-C530-4F16-A642-6DF67DD6BFF4}.Debug|x86.ActiveCfg = Debug|Any CPU
		{BBC15661-C530-4F16-A642-6DF67DD6BFF4}.Debug|x86.Build.0 = Debug|Any CPU
		{BBC15661-C530-4F16-A642-6DF67DD6BFF4}.Release|Any CPU.ActiveCfg = Release|Any CPU
		{BBC15661-C530-4F16-A642-6DF67DD6BFF4}.Release|Any CPU.Build.0 = Release|Any CPU
		{BBC15661-C530-4F16-A642-6DF67DD6BFF4}.Release|Mixed Platforms.ActiveCfg = Release|Any CPU
		{BBC15661-C530-4F16-A642-6DF67DD6BFF4}.Release|Mixed Platforms.Build.0 = Release|Any CPU
		{BBC15661-C530-4F16-A642-6DF67DD6BFF4}.Release|x64.ActiveCfg = Release|Any CPU
		{BBC15661-C530-4F16-A642-6DF67DD6BFF4}.Release|x64.Build.0 = Release|Any CPU
		{BBC15661-C530-4F16-A642-6DF67DD6BFF4}.Release|x86.ActiveCfg = Release|Any CPU
		{BBC15661-C530-4F16-A642-6DF67DD6BFF4}.Release|x86.Build.0 = Release|Any CPU
		{48614369-9E2A-48E8-8207-DE7A7434F0FC}.Debug|Any CPU.ActiveCfg = Debug|Any CPU
		{48614369-9E2A-48E8-8207-DE7A7434F0FC}.Debug|Any CPU.Build.0 = Debug|Any CPU
		{48614369-9E2A-48E8-8207-DE7A7434F0FC}.Debug|Mixed Platforms.ActiveCfg = Debug|Any CPU
		{48614369-9E2A-48E8-8207-DE7A7434F0FC}.Debug|Mixed Platforms.Build.0 = Debug|Any CPU
		{48614369-9E2A-48E8-8207-DE7A7434F0FC}.Debug|x64.ActiveCfg = Debug|Any CPU
		{48614369-9E2A-48E8-8207-DE7A7434F0FC}.Debug|x64.Build.0 = Debug|Any CPU
		{48614369-9E2A-48E8-8207-DE7A7434F0FC}.Debug|x86.ActiveCfg = Debug|Any CPU
		{48614369-9E2A-48E8-8207-DE7A7434F0FC}.Debug|x86.Build.0 = Debug|Any CPU
		{48614369-9E2A-48E8-8207-DE7A7434F0FC}.Release|Any CPU.ActiveCfg = Release|Any CPU
		{48614369-9E2A-48E8-8207-DE7A7434F0FC}.Release|Any CPU.Build.0 = Release|Any CPU
		{48614369-9E2A-48E8-8207-DE7A7434F0FC}.Release|Mixed Platforms.ActiveCfg = Release|Any CPU
		{48614369-9E2A-48E8-8207-DE7A7434F0FC}.Release|Mixed Platforms.Build.0 = Release|Any CPU
		{48614369-9E2A-48E8-8207-DE7A7434F0FC}.Release|x64.ActiveCfg = Release|Any CPU
		{48614369-9E2A-48E8-8207-DE7A7434F0FC}.Release|x64.Build.0 = Release|Any CPU
		{48614369-9E2A-48E8-8207-DE7A7434F0FC}.Release|x86.ActiveCfg = Release|Any CPU
		{48614369-9E2A-48E8-8207-DE7A7434F0FC}.Release|x86.Build.0 = Release|Any CPU
		{32D48A9C-31BA-430F-A5DF-D232470EBCC4}.Debug|Any CPU.ActiveCfg = Debug|Any CPU
		{32D48A9C-31BA-430F-A5DF-D232470EBCC4}.Debug|Any CPU.Build.0 = Debug|Any CPU
		{32D48A9C-31BA-430F-A5DF-D232470EBCC4}.Debug|Mixed Platforms.ActiveCfg = Debug|x86
		{32D48A9C-31BA-430F-A5DF-D232470EBCC4}.Debug|Mixed Platforms.Build.0 = Debug|x86
		{32D48A9C-31BA-430F-A5DF-D232470EBCC4}.Debug|x64.ActiveCfg = Debug|x64
		{32D48A9C-31BA-430F-A5DF-D232470EBCC4}.Debug|x64.Build.0 = Debug|x64
		{32D48A9C-31BA-430F-A5DF-D232470EBCC4}.Debug|x86.ActiveCfg = Debug|x86
		{32D48A9C-31BA-430F-A5DF-D232470EBCC4}.Debug|x86.Build.0 = Debug|x86
		{32D48A9C-31BA-430F-A5DF-D232470EBCC4}.Release|Any CPU.ActiveCfg = Release|Any CPU
		{32D48A9C-31BA-430F-A5DF-D232470EBCC4}.Release|Any CPU.Build.0 = Release|Any CPU
		{32D48A9C-31BA-430F-A5DF-D232470EBCC4}.Release|Mixed Platforms.ActiveCfg = Release|x86
		{32D48A9C-31BA-430F-A5DF-D232470EBCC4}.Release|Mixed Platforms.Build.0 = Release|x86
		{32D48A9C-31BA-430F-A5DF-D232470EBCC4}.Release|x64.ActiveCfg = Release|x64
		{32D48A9C-31BA-430F-A5DF-D232470EBCC4}.Release|x64.Build.0 = Release|x64
		{32D48A9C-31BA-430F-A5DF-D232470EBCC4}.Release|x86.ActiveCfg = Release|x86
		{32D48A9C-31BA-430F-A5DF-D232470EBCC4}.Release|x86.Build.0 = Release|x86
		{E371AC6B-9288-4ED1-9E69-AE0BC27D8C93}.Debug|Any CPU.ActiveCfg = Debug|Any CPU
		{E371AC6B-9288-4ED1-9E69-AE0BC27D8C93}.Debug|Any CPU.Build.0 = Debug|Any CPU
		{E371AC6B-9288-4ED1-9E69-AE0BC27D8C93}.Debug|Mixed Platforms.ActiveCfg = Debug|Any CPU
		{E371AC6B-9288-4ED1-9E69-AE0BC27D8C93}.Debug|Mixed Platforms.Build.0 = Debug|Any CPU
		{E371AC6B-9288-4ED1-9E69-AE0BC27D8C93}.Debug|x64.ActiveCfg = Debug|Any CPU
		{E371AC6B-9288-4ED1-9E69-AE0BC27D8C93}.Debug|x64.Build.0 = Debug|Any CPU
		{E371AC6B-9288-4ED1-9E69-AE0BC27D8C93}.Debug|x86.ActiveCfg = Debug|Any CPU
		{E371AC6B-9288-4ED1-9E69-AE0BC27D8C93}.Debug|x86.Build.0 = Debug|Any CPU
		{E371AC6B-9288-4ED1-9E69-AE0BC27D8C93}.Release|Any CPU.ActiveCfg = Release|Any CPU
		{E371AC6B-9288-4ED1-9E69-AE0BC27D8C93}.Release|Any CPU.Build.0 = Release|Any CPU
		{E371AC6B-9288-4ED1-9E69-AE0BC27D8C93}.Release|Mixed Platforms.ActiveCfg = Release|Any CPU
		{E371AC6B-9288-4ED1-9E69-AE0BC27D8C93}.Release|Mixed Platforms.Build.0 = Release|Any CPU
		{E371AC6B-9288-4ED1-9E69-AE0BC27D8C93}.Release|x64.ActiveCfg = Release|Any CPU
		{E371AC6B-9288-4ED1-9E69-AE0BC27D8C93}.Release|x64.Build.0 = Release|Any CPU
		{E371AC6B-9288-4ED1-9E69-AE0BC27D8C93}.Release|x86.ActiveCfg = Release|Any CPU
		{E371AC6B-9288-4ED1-9E69-AE0BC27D8C93}.Release|x86.Build.0 = Release|Any CPU
		{D3CCC9C5-0ED9-4162-91F5-7D278C15FFBE}.Debug|Any CPU.ActiveCfg = Debug|Any CPU
		{D3CCC9C5-0ED9-4162-91F5-7D278C15FFBE}.Debug|Any CPU.Build.0 = Debug|Any CPU
		{D3CCC9C5-0ED9-4162-91F5-7D278C15FFBE}.Debug|Mixed Platforms.ActiveCfg = Debug|Any CPU
		{D3CCC9C5-0ED9-4162-91F5-7D278C15FFBE}.Debug|Mixed Platforms.Build.0 = Debug|Any CPU
		{D3CCC9C5-0ED9-4162-91F5-7D278C15FFBE}.Debug|x64.ActiveCfg = Debug|Any CPU
		{D3CCC9C5-0ED9-4162-91F5-7D278C15FFBE}.Debug|x64.Build.0 = Debug|Any CPU
		{D3CCC9C5-0ED9-4162-91F5-7D278C15FFBE}.Debug|x86.ActiveCfg = Debug|Any CPU
		{D3CCC9C5-0ED9-4162-91F5-7D278C15FFBE}.Debug|x86.Build.0 = Debug|Any CPU
		{D3CCC9C5-0ED9-4162-91F5-7D278C15FFBE}.Release|Any CPU.ActiveCfg = Release|Any CPU
		{D3CCC9C5-0ED9-4162-91F5-7D278C15FFBE}.Release|Any CPU.Build.0 = Release|Any CPU
		{D3CCC9C5-0ED9-4162-91F5-7D278C15FFBE}.Release|Mixed Platforms.ActiveCfg = Release|Any CPU
		{D3CCC9C5-0ED9-4162-91F5-7D278C15FFBE}.Release|Mixed Platforms.Build.0 = Release|Any CPU
		{D3CCC9C5-0ED9-4162-91F5-7D278C15FFBE}.Release|x64.ActiveCfg = Release|Any CPU
		{D3CCC9C5-0ED9-4162-91F5-7D278C15FFBE}.Release|x64.Build.0 = Release|Any CPU
		{D3CCC9C5-0ED9-4162-91F5-7D278C15FFBE}.Release|x86.ActiveCfg = Release|Any CPU
		{D3CCC9C5-0ED9-4162-91F5-7D278C15FFBE}.Release|x86.Build.0 = Release|Any CPU
		{575D3E16-CE27-4900-9B29-422F27715CA4}.Debug|Any CPU.ActiveCfg = Debug|Any CPU
		{575D3E16-CE27-4900-9B29-422F27715CA4}.Debug|Any CPU.Build.0 = Debug|Any CPU
		{575D3E16-CE27-4900-9B29-422F27715CA4}.Debug|Mixed Platforms.ActiveCfg = Debug|Any CPU
		{575D3E16-CE27-4900-9B29-422F27715CA4}.Debug|Mixed Platforms.Build.0 = Debug|Any CPU
		{575D3E16-CE27-4900-9B29-422F27715CA4}.Debug|x64.ActiveCfg = Debug|Any CPU
		{575D3E16-CE27-4900-9B29-422F27715CA4}.Debug|x64.Build.0 = Debug|Any CPU
		{575D3E16-CE27-4900-9B29-422F27715CA4}.Debug|x86.ActiveCfg = Debug|Any CPU
		{575D3E16-CE27-4900-9B29-422F27715CA4}.Debug|x86.Build.0 = Debug|Any CPU
		{575D3E16-CE27-4900-9B29-422F27715CA4}.Release|Any CPU.ActiveCfg = Release|Any CPU
		{575D3E16-CE27-4900-9B29-422F27715CA4}.Release|Any CPU.Build.0 = Release|Any CPU
		{575D3E16-CE27-4900-9B29-422F27715CA4}.Release|Mixed Platforms.ActiveCfg = Release|Any CPU
		{575D3E16-CE27-4900-9B29-422F27715CA4}.Release|Mixed Platforms.Build.0 = Release|Any CPU
		{575D3E16-CE27-4900-9B29-422F27715CA4}.Release|x64.ActiveCfg = Release|Any CPU
		{575D3E16-CE27-4900-9B29-422F27715CA4}.Release|x64.Build.0 = Release|Any CPU
		{575D3E16-CE27-4900-9B29-422F27715CA4}.Release|x86.ActiveCfg = Release|Any CPU
		{575D3E16-CE27-4900-9B29-422F27715CA4}.Release|x86.Build.0 = Release|Any CPU
		{49945739-48C4-41D5-B7F6-CB18061864C5}.Debug|Any CPU.ActiveCfg = Debug|Any CPU
		{49945739-48C4-41D5-B7F6-CB18061864C5}.Debug|Any CPU.Build.0 = Debug|Any CPU
		{49945739-48C4-41D5-B7F6-CB18061864C5}.Debug|Mixed Platforms.ActiveCfg = Debug|Any CPU
		{49945739-48C4-41D5-B7F6-CB18061864C5}.Debug|Mixed Platforms.Build.0 = Debug|Any CPU
		{49945739-48C4-41D5-B7F6-CB18061864C5}.Debug|x64.ActiveCfg = Debug|Any CPU
		{49945739-48C4-41D5-B7F6-CB18061864C5}.Debug|x64.Build.0 = Debug|Any CPU
		{49945739-48C4-41D5-B7F6-CB18061864C5}.Debug|x86.ActiveCfg = Debug|Any CPU
		{49945739-48C4-41D5-B7F6-CB18061864C5}.Debug|x86.Build.0 = Debug|Any CPU
		{49945739-48C4-41D5-B7F6-CB18061864C5}.Release|Any CPU.ActiveCfg = Release|Any CPU
		{49945739-48C4-41D5-B7F6-CB18061864C5}.Release|Any CPU.Build.0 = Release|Any CPU
		{49945739-48C4-41D5-B7F6-CB18061864C5}.Release|Mixed Platforms.ActiveCfg = Release|Any CPU
		{49945739-48C4-41D5-B7F6-CB18061864C5}.Release|Mixed Platforms.Build.0 = Release|Any CPU
		{49945739-48C4-41D5-B7F6-CB18061864C5}.Release|x64.ActiveCfg = Release|Any CPU
		{49945739-48C4-41D5-B7F6-CB18061864C5}.Release|x64.Build.0 = Release|Any CPU
		{49945739-48C4-41D5-B7F6-CB18061864C5}.Release|x86.ActiveCfg = Release|Any CPU
		{49945739-48C4-41D5-B7F6-CB18061864C5}.Release|x86.Build.0 = Release|Any CPU
		{151F7471-716D-4A5A-A88E-89D2772BEEFE}.Debug|Any CPU.ActiveCfg = Debug|Any CPU
		{151F7471-716D-4A5A-A88E-89D2772BEEFE}.Debug|Any CPU.Build.0 = Debug|Any CPU
		{151F7471-716D-4A5A-A88E-89D2772BEEFE}.Debug|Mixed Platforms.ActiveCfg = Debug|Any CPU
		{151F7471-716D-4A5A-A88E-89D2772BEEFE}.Debug|Mixed Platforms.Build.0 = Debug|Any CPU
		{151F7471-716D-4A5A-A88E-89D2772BEEFE}.Debug|x64.ActiveCfg = Debug|Any CPU
		{151F7471-716D-4A5A-A88E-89D2772BEEFE}.Debug|x64.Build.0 = Debug|Any CPU
		{151F7471-716D-4A5A-A88E-89D2772BEEFE}.Debug|x86.ActiveCfg = Debug|Any CPU
		{151F7471-716D-4A5A-A88E-89D2772BEEFE}.Debug|x86.Build.0 = Debug|Any CPU
		{151F7471-716D-4A5A-A88E-89D2772BEEFE}.Release|Any CPU.ActiveCfg = Release|Any CPU
		{151F7471-716D-4A5A-A88E-89D2772BEEFE}.Release|Any CPU.Build.0 = Release|Any CPU
		{151F7471-716D-4A5A-A88E-89D2772BEEFE}.Release|Mixed Platforms.ActiveCfg = Release|Any CPU
		{151F7471-716D-4A5A-A88E-89D2772BEEFE}.Release|Mixed Platforms.Build.0 = Release|Any CPU
		{151F7471-716D-4A5A-A88E-89D2772BEEFE}.Release|x64.ActiveCfg = Release|Any CPU
		{151F7471-716D-4A5A-A88E-89D2772BEEFE}.Release|x64.Build.0 = Release|Any CPU
		{151F7471-716D-4A5A-A88E-89D2772BEEFE}.Release|x86.ActiveCfg = Release|Any CPU
		{151F7471-716D-4A5A-A88E-89D2772BEEFE}.Release|x86.Build.0 = Release|Any CPU
	EndGlobalSection
	GlobalSection(SolutionProperties) = preSolution
		HideSolutionNode = FALSE
	EndGlobalSection
	GlobalSection(NestedProjects) = preSolution
		{0B032C35-3898-494A-BE17-E20E458774CC} = {66B6724D-9D1B-457F-8417-E2EC077B0EE5}
		{EC01D8D1-7BE6-4824-AFB6-0AAF0D9927A9} = {66B6724D-9D1B-457F-8417-E2EC077B0EE5}
		{5EACBA5C-E7D2-4A40-AFB3-CDC4148E0113} = {66B6724D-9D1B-457F-8417-E2EC077B0EE5}
		{BBC15661-C530-4F16-A642-6DF67DD6BFF4} = {66B6724D-9D1B-457F-8417-E2EC077B0EE5}
		{48614369-9E2A-48E8-8207-DE7A7434F0FC} = {66B6724D-9D1B-457F-8417-E2EC077B0EE5}
		{32D48A9C-31BA-430F-A5DF-D232470EBCC4} = {371CBCA7-D171-44BC-A0BC-D0B82999BC27}
		{E371AC6B-9288-4ED1-9E69-AE0BC27D8C93} = {371CBCA7-D171-44BC-A0BC-D0B82999BC27}
		{4B016A0A-2FA0-465B-B218-7DE95B5DECCE} = {66B6724D-9D1B-457F-8417-E2EC077B0EE5}
		{D3CCC9C5-0ED9-4162-91F5-7D278C15FFBE} = {4B016A0A-2FA0-465B-B218-7DE95B5DECCE}
		{575D3E16-CE27-4900-9B29-422F27715CA4} = {4B016A0A-2FA0-465B-B218-7DE95B5DECCE}
		{49945739-48C4-41D5-B7F6-CB18061864C5} = {4B016A0A-2FA0-465B-B218-7DE95B5DECCE}
		{151F7471-716D-4A5A-A88E-89D2772BEEFE} = {4B016A0A-2FA0-465B-B218-7DE95B5DECCE}
	EndGlobalSection
EndGlobal
